{
  "version": 4,
  "terraform_version": "1.15.2",
  "serial": 48,
  "lineage": "80ec048c-49d1-3fcc-4abb-122d78a51785",
  "outputs": {
    "api_endpoint": {
      "value": "https://dk47ar6xpf.execute-api.us-east-1.amazonaws.com",
      "type": "string"
    },
    "s3_bucket_name": {
      "value": "image-processor-qa-images-001",
      "type": "string"
    },
    "sqs_queue_url": {
      "value": "https://sqs.us-east-1.amazonaws.com/018751003213/image-processor-qa-image-queue",
      "type": "string"
    },
    "upload_log_group": {
      "value": "/aws/lambda/image-processor-qa-upload-lambda",
      "type": "string"
    }
  },
  "resources": [
    {
      "mode": "data",
      "type": "aws_caller_identity",
      "name": "current",
      "provider": "provider[\"registry.terraform.io/hashicorp/aws\"]",
      "instances": [
        {
          "schema_version": 0,
          "attributes": {
            "account_id": "018751003213",
            "arn": "arn:aws:iam::018751003213:root",
            "id": "018751003213",
            "user_id": "018751003213"
          },
          "sensitive_attributes": [],
          "identity_schema_version": 0
        }
      ]
    },
    {
      "mode": "managed",
      "type": "aws_apigatewayv2_api",
      "name": "placeholder",
      "provider": "provider[\"registry.terraform.io/hashicorp/aws\"]",
      "instances": [
        {
          "schema_version": 0,
          "attributes": {
            "api_endpoint": "https://lad9ss6lgd.execute-api.us-east-1.amazonaws.com",
            "api_key_selection_expression": "$request.header.x-api-key",
            "arn": "arn:aws:apigateway:us-east-1::/apis/lad9ss6lgd",
            "body": null,
            "cors_configuration": [],
            "credentials_arn": null,
            "description": "",
            "disable_execute_api_endpoint": false,
            "execution_arn": "arn:aws:execute-api:us-east-1:018751003213:lad9ss6lgd",
            "fail_on_warnings": null,
            "id": "lad9ss6lgd",
            "ip_address_type": "ipv4",
            "name": "image-processor-qa-api-placeholder",
            "protocol_type": "HTTP",
            "route_key": null,
            "route_selection_expression": "$request.method $request.path",
            "tags": {
              "Environment": "qa",
              "ManagedBy": "Terraform",
              "Owner": "tu-nombre",
              "Project": "image-processor"
            },
            "tags_all": {
              "Environment": "qa",
              "ManagedBy": "Terraform",
              "Owner": "tu-nombre",
              "Project": "image-processor"
            },
            "target": null,
            "version": ""
          },
          "sensitive_attributes": [],
          "identity_schema_version": 0,
          "private": "bnVsbA==",
          "create_before_destroy": true
        }
      ]
    },
    {
      "module": "module.api_gateway",
      "mode": "managed",
      "type": "aws_api_gateway_account",
      "name": "main",
      "provider": "provider[\"registry.terraform.io/hashicorp/aws\"]",
      "instances": [
        {
          "schema_version": 0,
          "attributes": {
            "api_key_version": "4",
            "cloudwatch_role_arn": "arn:aws:iam::018751003213:role/image-processor-qa-apigw-logs-role",
            "features": [
              "UsagePlans"
            ],
            "id": "api-gateway-account",
            "reset_on_delete": null,
            "throttle_settings": [
              {
                "burst_limit": 5000,
                "rate_limit": 10000
              }
            ]
          },
          "sensitive_attributes": [],
          "identity_schema_version": 0,
          "dependencies": [
            "module.api_gateway.aws_iam_role.apigw_logs"
          ]
        }
      ]
    },
    {
      "module": "module.api_gateway",
      "mode": "managed",
      "type": "aws_apigatewayv2_api",
      "name": "main",
      "provider": "provider[\"registry.terraform.io/hashicorp/aws\"]",
      "instances": [
        {
          "schema_version": 0,
          "attributes": {
            "api_endpoint": "https://dk47ar6xpf.execute-api.us-east-1.amazonaws.com",
            "api_key_selection_expression": "$request.header.x-api-key",
            "arn": "arn:aws:apigateway:us-east-1::/apis/dk47ar6xpf",
            "body": null,
            "cors_configuration": [
              {
                "allow_credentials": false,
                "allow_headers": [
                  "Authorization",
                  "Content-Type"
                ],
                "allow_methods": [
                  "OPTIONS",
                  "POST"
                ],
                "allow_origins": [
                  "*"
                ],
                "expose_headers": null,
                "max_age": 300
              }
            ],
            "credentials_arn": null,
            "description": "Image Processor API — qa",
            "disable_execute_api_endpoint": false,
            "execution_arn": "arn:aws:execute-api:us-east-1:018751003213:dk47ar6xpf",
            "fail_on_warnings": null,
            "id": "dk47ar6xpf",
            "ip_address_type": "ipv4",
            "name": "image-processor-qa-api",
            "protocol_type": "HTTP",
            "route_key": null,
            "route_selection_expression": "$request.method $request.path",
            "tags": {
              "Environment": "qa",
              "ManagedBy": "Terraform",
              "Owner": "tu-nombre",
              "Project": "image-processor"
            },
            "tags_all": {
              "Environment": "qa",
              "ManagedBy": "Terraform",
              "Owner": "tu-nombre",
              "Project": "image-processor"
            },
            "target": null,
            "version": ""
          },
          "sensitive_attributes": [],
          "identity_schema_version": 0,
          "private": "bnVsbA=="
        }
      ]
    },
    {
      "module": "module.api_gateway",
      "mode": "managed",
      "type": "aws_apigatewayv2_integration",
      "name": "upload_lambda",
      "provider": "provider[\"registry.terraform.io/hashicorp/aws\"]",
      "instances": [
        {
          "schema_version": 0,
          "attributes": {
            "api_id": "dk47ar6xpf",
            "connection_id": "",
            "connection_type": "INTERNET",
            "content_handling_strategy": "",
            "credentials_arn": "",
            "description": "",
            "id": "gme37lc",
            "integration_method": "POST",
            "integration_response_selection_expression": "",
            "integration_subtype": "",
            "integration_type": "AWS_PROXY",
            "integration_uri": "arn:aws:apigateway:us-east-1:lambda:path/2015-03-31/functions/arn:aws:lambda:us-east-1:018751003213:function:image-processor-qa-upload-lambda/invocations",
            "passthrough_behavior": "",
            "payload_format_version": "2.0",
            "request_parameters": null,
            "request_templates": null,
            "response_parameters": [],
            "template_selection_expression": "",
            "timeout_milliseconds": 29000,
            "tls_config": []
          },
          "sensitive_attributes": [],
          "identity_schema_version": 0,
          "private": "bnVsbA==",
          "dependencies": [
            "module.api_gateway.aws_apigatewayv2_api.main",
            "module.iam.aws_iam_role.upload_lambda",
            "module.iam.data.aws_iam_policy_document.lambda_assume_role",
            "module.lambda.aws_lambda_function.upload",
            "module.s3.aws_s3_bucket.images",
            "module.vpc.aws_security_group.upload_lambda",
            "module.vpc.aws_subnet.private_a",
            "module.vpc.aws_vpc.main"
          ]
        }
      ]
    },
    {
      "module": "module.api_gateway",
      "mode": "managed",
      "type": "aws_apigatewayv2_route",
      "name": "upload",
      "provider": "provider[\"registry.terraform.io/hashicorp/aws\"]",
      "instances": [
        {
          "schema_version": 0,
          "attributes": {
            "api_id": "dk47ar6xpf",
            "api_key_required": false,
            "authorization_scopes": null,
            "authorization_type": "NONE",
            "authorizer_id": "",
            "id": "bsn2b9o",
            "model_selection_expression": "",
            "operation_name": "",
            "request_models": null,
            "request_parameter": [],
            "route_key": "POST /upload",
            "route_response_selection_expression": "",
            "target": "integrations/gme37lc"
          },
          "sensitive_attributes": [],
          "identity_schema_version": 0,
          "private": "bnVsbA==",
          "dependencies": [
            "module.api_gateway.aws_apigatewayv2_api.main",
            "module.api_gateway.aws_apigatewayv2_integration.upload_lambda",
            "module.iam.aws_iam_role.upload_lambda",
            "module.iam.data.aws_iam_policy_document.lambda_assume_role",
            "module.lambda.aws_lambda_function.upload",
            "module.s3.aws_s3_bucket.images",
            "module.vpc.aws_security_group.upload_lambda",
            "module.vpc.aws_subnet.private_a",
            "module.vpc.aws_vpc.main"
          ]
        }
      ]
    },
    {
      "module": "module.api_gateway",
      "mode": "managed",
      "type": "aws_apigatewayv2_stage",
      "name": "default",
      "provider": "provider[\"registry.terraform.io/hashicorp/aws\"]",
      "instances": [
        {
          "schema_version": 0,
          "attributes": {
            "access_log_settings": [
              {
                "destination_arn": "arn:aws:logs:us-east-1:018751003213:log-group:/aws/apigateway/image-processor-qa",
                "format": "{\"httpMethod\":\"$context.httpMethod\",\"integrationError\":\"$context.integrationErrorMessage\",\"integrationLatency\":\"$context.integrationLatency\",\"requestId\":\"$context.requestId\",\"requestTime\":\"$context.requestTime\",\"responseLength\":\"$context.responseLength\",\"routeKey\":\"$context.routeKey\",\"sourceIp\":\"$context.identity.sourceIp\",\"status\":\"$context.status\",\"userAgent\":\"$context.identity.userAgent\"}"
              }
            ],
            "api_id": "dk47ar6xpf",
            "arn": "arn:aws:apigateway:us-east-1::/apis/dk47ar6xpf/stages/$default",
            "auto_deploy": true,
            "client_certificate_id": "",
            "default_route_settings": [
              {
                "data_trace_enabled": false,
                "detailed_metrics_enabled": true,
                "logging_level": "",
                "throttling_burst_limit": 5000,
                "throttling_rate_limit": 1000
              }
            ],
            "deployment_id": "",
            "description": "",
            "execution_arn": "arn:aws:execute-api:us-east-1:018751003213:dk47ar6xpf/$default",
            "id": "$default",
            "invoke_url": "https://dk47ar6xpf.execute-api.us-east-1.amazonaws.com/",
            "name": "$default",
            "route_settings": [],
            "stage_variables": null,
            "tags": {
              "Environment": "qa",
              "ManagedBy": "Terraform",
              "Owner": "tu-nombre",
              "Project": "image-processor"
            },
            "tags_all": {
              "Environment": "qa",
              "ManagedBy": "Terraform",
              "Owner": "tu-nombre",
              "Project": "image-processor"
            }
          },
          "sensitive_attributes": [],
          "identity_schema_version": 0,
          "private": "bnVsbA==",
          "dependencies": [
            "module.api_gateway.aws_apigatewayv2_api.main",
            "module.api_gateway.aws_cloudwatch_log_group.apigw"
          ]
        }
      ]
    },
    {
      "module": "module.api_gateway",
      "mode": "managed",
      "type": "aws_cloudwatch_log_group",
      "name": "apigw",
      "provider": "provider[\"registry.terraform.io/hashicorp/aws\"]",
      "instances": [
        {
          "schema_version": 0,
          "attributes": {
            "arn": "arn:aws:logs:us-east-1:018751003213:log-group:/aws/apigateway/image-processor-qa",
            "id": "/aws/apigateway/image-processor-qa",
            "kms_key_id": "",
            "log_group_class": "STANDARD",
            "name": "/aws/apigateway/image-processor-qa",
            "name_prefix": "",
            "retention_in_days": 7,
            "skip_destroy": false,
            "tags": {
              "Environment": "qa",
              "ManagedBy": "Terraform",
              "Owner": "tu-nombre",
              "Project": "image-processor"
            },
            "tags_all": {
              "Environment": "qa",
              "ManagedBy": "Terraform",
              "Owner": "tu-nombre",
              "Project": "image-processor"
            }
          },
          "sensitive_attributes": [],
          "identity_schema_version": 0,
          "private": "bnVsbA=="
        }
      ]
    },
    {
      "module": "module.api_gateway",
      "mode": "managed",
      "type": "aws_iam_role",
      "name": "apigw_logs",
      "provider": "provider[\"registry.terraform.io/hashicorp/aws\"]",
      "instances": [
        {
          "schema_version": 0,
          "attributes": {
            "arn": "arn:aws:iam::018751003213:role/image-processor-qa-apigw-logs-role",
            "assume_role_policy": "{\"Statement\":[{\"Action\":\"sts:AssumeRole\",\"Effect\":\"Allow\",\"Principal\":{\"Service\":\"apigateway.amazonaws.com\"}}],\"Version\":\"2012-10-17\"}",
            "create_date": "2026-05-07T03:52:57Z",
            "description": "",
            "force_detach_policies": false,
            "id": "image-processor-qa-apigw-logs-role",
            "inline_policy": [],
            "managed_policy_arns": [],
            "max_session_duration": 3600,
            "name": "image-processor-qa-apigw-logs-role",
            "name_prefix": "",
            "path": "/",
            "permissions_boundary": "",
            "tags": {
              "Environment": "qa",
              "ManagedBy": "Terraform",
              "Owner": "tu-nombre",
              "Project": "image-processor"
            },
            "tags_all": {
              "Environment": "qa",
              "ManagedBy": "Terraform",
              "Owner": "tu-nombre",
              "Project": "image-processor"
            },
            "unique_id": "AROAQIXNFTJGWD2GUXZR2"
          },
          "sensitive_attributes": [],
          "identity_schema_version": 0,
          "private": "bnVsbA=="
        }
      ]
    },
    {
      "module": "module.api_gateway",
      "mode": "managed",
      "type": "aws_iam_role_policy_attachment",
      "name": "apigw_logs",
      "provider": "provider[\"registry.terraform.io/hashicorp/aws\"]",
      "instances": [
        {
          "schema_version": 0,
          "attributes": {
            "id": "image-processor-qa-apigw-logs-role-20260507035258362000000005",
            "policy_arn": "arn:aws:iam::aws:policy/service-role/AmazonAPIGatewayPushToCloudWatchLogs",
            "role": "image-processor-qa-apigw-logs-role"
          },
          "sensitive_attributes": [],
          "identity_schema_version": 0,
          "private": "bnVsbA==",
          "dependencies": [
            "module.api_gateway.aws_iam_role.apigw_logs"
          ]
        }
      ]
    },
    {
      "module": "module.iam",
      "mode": "data",
      "type": "aws_iam_policy_document",
      "name": "lambda_assume_role",
      "provider": "provider[\"registry.terraform.io/hashicorp/aws\"]",
      "instances": [
        {
          "schema_version": 0,
          "attributes": {
            "id": "2690255455",
            "json": "{\n  \"Version\": \"2012-10-17\",\n  \"Statement\": [\n    {\n      \"Effect\": \"Allow\",\n      \"Action\": \"sts:AssumeRole\",\n      \"Principal\": {\n        \"Service\": \"lambda.amazonaws.com\"\n      }\n    }\n  ]\n}",
            "minified_json": "{\"Version\":\"2012-10-17\",\"Statement\":[{\"Effect\":\"Allow\",\"Action\":\"sts:AssumeRole\",\"Principal\":{\"Service\":\"lambda.amazonaws.com\"}}]}",
            "override_json": null,
            "override_policy_documents": null,
            "policy_id": null,
            "source_json": null,
            "source_policy_documents": null,
            "statement": [
              {
                "actions": [
                  "sts:AssumeRole"
                ],
                "condition": [],
                "effect": "Allow",
                "not_actions": [],
                "not_principals": [],
                "not_resources": [],
                "principals": [
                  {
                    "identifiers": [
                      "lambda.amazonaws.com"
                    ],
                    "type": "Service"
                  }
                ],
                "resources": [],
                "sid": ""
              }
            ],
            "version": "2012-10-17"
          },
          "sensitive_attributes": [],
          "identity_schema_version": 0
        }
      ]
    },
    {
      "module": "module.iam",
      "mode": "managed",
      "type": "aws_iam_role",
      "name": "crop_lambda",
      "provider": "provider[\"registry.terraform.io/hashicorp/aws\"]",
      "instances": [
        {
          "schema_version": 0,
          "attributes": {
            "arn": "arn:aws:iam::018751003213:role/image-processor-qa-crop-lambda-role",
            "assume_role_policy": "{\"Statement\":[{\"Action\":\"sts:AssumeRole\",\"Effect\":\"Allow\",\"Principal\":{\"Service\":\"lambda.amazonaws.com\"}}],\"Version\":\"2012-10-17\"}",
            "create_date": "2026-05-07T03:52:57Z",
            "description": "",
            "force_detach_policies": false,
            "id": "image-processor-qa-crop-lambda-role",
            "inline_policy": [],
            "managed_policy_arns": [],
            "max_session_duration": 3600,
            "name": "image-processor-qa-crop-lambda-role",
            "name_prefix": "",
            "path": "/",
            "permissions_boundary": "",
            "tags": {
              "Environment": "qa",
              "ManagedBy": "Terraform",
              "Owner": "tu-nombre",
              "Project": "image-processor"
            },
            "tags_all": {
              "Environment": "qa",
              "ManagedBy": "Terraform",
              "Owner": "tu-nombre",
              "Project": "image-processor"
            },
            "unique_id": "AROAQIXNFTJGQCCWFA62L"
          },
          "sensitive_attributes": [],
          "identity_schema_version": 0,
          "private": "bnVsbA==",
          "dependencies": [
            "module.iam.data.aws_iam_policy_document.lambda_assume_role"
          ]
        }
      ]
    },
    {
      "module": "module.iam",
      "mode": "managed",
      "type": "aws_iam_role",
      "name": "upload_lambda",
      "provider": "provider[\"registry.terraform.io/hashicorp/aws\"]",
      "instances": [
        {
          "schema_version": 0,
          "attributes": {
            "arn": "arn:aws:iam::018751003213:role/image-processor-qa-upload-lambda-role",
            "assume_role_policy": "{\"Statement\":[{\"Action\":\"sts:AssumeRole\",\"Effect\":\"Allow\",\"Principal\":{\"Service\":\"lambda.amazonaws.com\"}}],\"Version\":\"2012-10-17\"}",
            "create_date": "2026-05-07T03:52:57Z",
            "description": "",
            "force_detach_policies": false,
            "id": "image-processor-qa-upload-lambda-role",
            "inline_policy": [],
            "managed_policy_arns": [],
            "max_session_duration": 3600,
            "name": "image-processor-qa-upload-lambda-role",
            "name_prefix": "",
            "path": "/",
            "permissions_boundary": "",
            "tags": {
              "Environment": "qa",
              "ManagedBy": "Terraform",
              "Owner": "tu-nombre",
              "Project": "image-processor"
            },
            "tags_all": {
              "Environment": "qa",
              "ManagedBy": "Terraform",
              "Owner": "tu-nombre",
              "Project": "image-processor"
            },
            "unique_id": "AROAQIXNFTJGR5CBGCRYY"
          },
          "sensitive_attributes": [],
          "identity_schema_version": 0,
          "private": "bnVsbA==",
          "dependencies": [
            "module.iam.data.aws_iam_policy_document.lambda_assume_role"
          ]
        }
      ]
    },
    {
      "module": "module.iam",
      "mode": "managed",
      "type": "aws_iam_role_policy",
      "name": "crop_s3_sqs",
      "provider": "provider[\"registry.terraform.io/hashicorp/aws\"]",
      "instances": [
        {
          "schema_version": 0,
          "attributes": {
            "id": "image-processor-qa-crop-lambda-role:image-processor-qa-crop-s3-sqs",
            "name": "image-processor-qa-crop-s3-sqs",
            "name_prefix": "",
            "policy": "{\"Version\":\"2012-10-17\",\"Statement\":[{\"Action\":[\"s3:GetObject\"],\"Effect\":\"Allow\",\"Resource\":\"arn:aws:s3:::image-processor-qa-images-001/uploads/*\",\"Sid\":\"AllowGetObjectUploads\"},{\"Action\":[\"s3:PutObject\"],\"Effect\":\"Allow\",\"Resource\":\"arn:aws:s3:::image-processor-qa-images-001/processed/*\",\"Sid\":\"AllowPutObjectProcessed\"},{\"Action\":[\"sqs:ReceiveMessage\",\"sqs:DeleteMessage\",\"sqs:GetQueueAttributes\",\"sqs:ChangeMessageVisibility\"],\"Effect\":\"Allow\",\"Resource\":\"arn:aws:sqs:us-east-1:018751003213:image-processor-qa-image-queue\",\"Sid\":\"AllowSQSOperations\"}]}",
            "role": "image-processor-qa-crop-lambda-role"
          },
          "sensitive_attributes": [],
          "identity_schema_version": 0,
          "private": "bnVsbA==",
          "dependencies": [
            "module.iam.aws_iam_role.crop_lambda",
            "module.iam.data.aws_iam_policy_document.lambda_assume_role",
            "module.s3.aws_s3_bucket.images",
            "module.sqs.aws_sqs_queue.dlq",
            "module.sqs.aws_sqs_queue.main"
          ]
        }
      ]
    },
    {
      "module": "module.iam",
      "mode": "managed",
      "type": "aws_iam_role_policy",
      "name": "upload_s3_put",
      "provider": "provider[\"registry.terraform.io/hashicorp/aws\"]",
      "instances": [
        {
          "schema_version": 0,
          "attributes": {
            "id": "image-processor-qa-upload-lambda-role:image-processor-qa-upload-s3-put",
            "name": "image-processor-qa-upload-s3-put",
            "name_prefix": "",
            "policy": "{\"Version\":\"2012-10-17\",\"Statement\":[{\"Action\":[\"s3:PutObject\"],\"Effect\":\"Allow\",\"Resource\":\"arn:aws:s3:::image-processor-qa-images-001/uploads/*\",\"Sid\":\"AllowPutUploadPrefix\"}]}",
            "role": "image-processor-qa-upload-lambda-role"
          },
          "sensitive_attributes": [],
          "identity_schema_version": 0,
          "private": "bnVsbA==",
          "dependencies": [
            "module.iam.aws_iam_role.upload_lambda",
            "module.iam.data.aws_iam_policy_document.lambda_assume_role",
            "module.s3.aws_s3_bucket.images"
          ]
        }
      ]
    },
    {
      "module": "module.iam",
      "mode": "managed",
      "type": "aws_iam_role_policy_attachment",
      "name": "crop_basic_execution",
      "provider": "provider[\"registry.terraform.io/hashicorp/aws\"]",
      "instances": [
        {
          "schema_version": 0,
          "attributes": {
            "id": "image-processor-qa-crop-lambda-role-20260507035257913000000003",
            "policy_arn": "arn:aws:iam::aws:policy/service-role/AWSLambdaBasicExecutionRole",
            "role": "image-processor-qa-crop-lambda-role"
          },
          "sensitive_attributes": [],
          "identity_schema_version": 0,
          "private": "bnVsbA==",
          "dependencies": [
            "module.iam.aws_iam_role.crop_lambda",
            "module.iam.data.aws_iam_policy_document.lambda_assume_role"
          ]
        }
      ]
    },
    {
      "module": "module.iam",
      "mode": "managed",
      "type": "aws_iam_role_policy_attachment",
      "name": "crop_vpc_access",
      "provider": "provider[\"registry.terraform.io/hashicorp/aws\"]",
      "instances": [
        {
          "schema_version": 0,
          "attributes": {
            "id": "image-processor-qa-crop-lambda-role-20260507035257880000000002",
            "policy_arn": "arn:aws:iam::aws:policy/service-role/AWSLambdaVPCAccessExecutionRole",
            "role": "image-processor-qa-crop-lambda-role"
          },
          "sensitive_attributes": [],
          "identity_schema_version": 0,
          "private": "bnVsbA==",
          "dependencies": [
            "module.iam.aws_iam_role.crop_lambda",
            "module.iam.data.aws_iam_policy_document.lambda_assume_role"
          ]
        }
      ]
    },
    {
      "module": "module.iam",
      "mode": "managed",
      "type": "aws_iam_role_policy_attachment",
      "name": "upload_basic_execution",
      "provider": "provider[\"registry.terraform.io/hashicorp/aws\"]",
      "instances": [
        {
          "schema_version": 0,
          "attributes": {
            "id": "image-processor-qa-upload-lambda-role-20260507035257865300000001",
            "policy_arn": "arn:aws:iam::aws:policy/service-role/AWSLambdaBasicExecutionRole",
            "role": "image-processor-qa-upload-lambda-role"
          },
          "sensitive_attributes": [],
          "identity_schema_version": 0,
          "private": "bnVsbA==",
          "dependencies": [
            "module.iam.aws_iam_role.upload_lambda",
            "module.iam.data.aws_iam_policy_document.lambda_assume_role"
          ]
        }
      ]
    },
    {
      "module": "module.iam",
      "mode": "managed",
      "type": "aws_iam_role_policy_attachment",
      "name": "upload_vpc_access",
      "provider": "provider[\"registry.terraform.io/hashicorp/aws\"]",
      "instances": [
        {
          "schema_version": 0,
          "attributes": {
            "id": "image-processor-qa-upload-lambda-role-20260507035258012900000004",
            "policy_arn": "arn:aws:iam::aws:policy/service-role/AWSLambdaVPCAccessExecutionRole",
            "role": "image-processor-qa-upload-lambda-role"
          },
          "sensitive_attributes": [],
          "identity_schema_version": 0,
          "private": "bnVsbA==",
          "dependencies": [
            "module.iam.aws_iam_role.upload_lambda",
            "module.iam.data.aws_iam_policy_document.lambda_assume_role"
          ]
        }
      ]
    },
    {
      "module": "module.lambda",
      "mode": "managed",
      "type": "aws_lambda_event_source_mapping",
      "name": "sqs_to_crop",
      "provider": "provider[\"registry.terraform.io/hashicorp/aws\"]",
      "instances": [
        {
          "schema_version": 0,
          "attributes": {
            "amazon_managed_kafka_event_source_config": [],
            "arn": "arn:aws:lambda:us-east-1:018751003213:event-source-mapping:48d6aa8a-2418-40a1-92f4-6d4e2ff43387",
            "batch_size": 5,
            "bisect_batch_on_function_error": false,
            "destination_config": [],
            "document_db_event_source_config": [],
            "enabled": true,
            "event_source_arn": "arn:aws:sqs:us-east-1:018751003213:image-processor-qa-image-queue",
            "filter_criteria": [],
            "function_arn": "arn:aws:lambda:us-east-1:018751003213:function:image-processor-qa-crop-lambda",
            "function_name": "arn:aws:lambda:us-east-1:018751003213:function:image-processor-qa-crop-lambda",
            "function_response_types": [
              "ReportBatchItemFailures"
            ],
            "id": "48d6aa8a-2418-40a1-92f4-6d4e2ff43387",
            "kms_key_arn": "",
            "last_modified": "2026-05-07T03:53:59Z",
            "last_processing_result": "",
            "maximum_batching_window_in_seconds": 10,
            "maximum_record_age_in_seconds": 0,
            "maximum_retry_attempts": 0,
            "metrics_config": [],
            "parallelization_factor": 0,
            "provisioned_poller_config": [],
            "queues": null,
            "scaling_config": [
              {
                "maximum_concurrency": 2
              }
            ],
            "self_managed_event_source": [],
            "self_managed_kafka_event_source_config": [],
            "source_access_configuration": [],
            "starting_position": "",
            "starting_position_timestamp": "",
            "state": "Enabled",
            "state_transition_reason": "USER_INITIATED",
            "tags": null,
            "tags_all": {
              "Environment": "qa",
              "ManagedBy": "Terraform",
              "Owner": "tu-nombre",
              "Project": "image-processor"
            },
            "topics": null,
            "tumbling_window_in_seconds": 0,
            "uuid": "48d6aa8a-2418-40a1-92f4-6d4e2ff43387"
          },
          "sensitive_attributes": [],
          "identity_schema_version": 0,
          "private": "bnVsbA==",
          "dependencies": [
            "module.iam.aws_iam_role.crop_lambda",
            "module.iam.data.aws_iam_policy_document.lambda_assume_role",
            "module.lambda.aws_lambda_function.crop",
            "module.s3.aws_s3_bucket.images",
            "module.sqs.aws_sqs_queue.dlq",
            "module.sqs.aws_sqs_queue.main",
            "module.vpc.aws_security_group.crop_lambda",
            "module.vpc.aws_subnet.private_a",
            "module.vpc.aws_vpc.main"
          ]
        }
      ]
    },
    {
      "module": "module.lambda",
      "mode": "managed",
      "type": "aws_lambda_function",
      "name": "crop",
      "provider": "provider[\"registry.terraform.io/hashicorp/aws\"]",
      "instances": [
        {
          "schema_version": 0,
          "attributes": {
            "architectures": [
              "x86_64"
            ],
            "arn": "arn:aws:lambda:us-east-1:018751003213:function:image-processor-qa-crop-lambda",
            "code_sha256": "NOnh9n2GI/ngChhzNxyaRXO0wjPUw78wb3CCD7x0cM0=",
            "code_signing_config_arn": "",
            "dead_letter_config": [],
            "description": "",
            "environment": [
              {
                "variables": {
                  "ENV": "qa",
                  "PROCESSED_PREFIX": "processed/",
                  "S3_BUCKET": "image-processor-qa-images-001"
                }
              }
            ],
            "ephemeral_storage": [
              {
                "size": 512
              }
            ],
            "file_system_config": [],
            "filename": "../../crop-lambda.zip",
            "function_name": "image-processor-qa-crop-lambda",
            "handler": "index.handler",
            "id": "image-processor-qa-crop-lambda",
            "image_config": [],
            "image_uri": "",
            "invoke_arn": "arn:aws:apigateway:us-east-1:lambda:path/2015-03-31/functions/arn:aws:lambda:us-east-1:018751003213:function:image-processor-qa-crop-lambda/invocations",
            "kms_key_arn": "",
            "last_modified": "2026-05-07T03:53:37.016+0000",
            "layers": null,
            "logging_config": [
              {
                "application_log_level": "",
                "log_format": "Text",
                "log_group": "/aws/lambda/image-processor-qa-crop-lambda",
                "system_log_level": ""
              }
            ],
            "memory_size": 512,
            "package_type": "Zip",
            "publish": false,
            "qualified_arn": "arn:aws:lambda:us-east-1:018751003213:function:image-processor-qa-crop-lambda:$LATEST",
            "qualified_invoke_arn": "arn:aws:apigateway:us-east-1:lambda:path/2015-03-31/functions/arn:aws:lambda:us-east-1:018751003213:function:image-processor-qa-crop-lambda:$LATEST/invocations",
            "replace_security_groups_on_destroy": null,
            "replacement_security_group_ids": null,
            "reserved_concurrent_executions": -1,
            "role": "arn:aws:iam::018751003213:role/image-processor-qa-crop-lambda-role",
            "runtime": "nodejs20.x",
            "s3_bucket": null,
            "s3_key": null,
            "s3_object_version": null,
            "signing_job_arn": "",
            "signing_profile_version_arn": "",
            "skip_destroy": false,
            "snap_start": [],
            "source_code_hash": "NOnh9n2GI/ngChhzNxyaRXO0wjPUw78wb3CCD7x0cM0=",
            "source_code_size": 11951742,
            "tags": {
              "Environment": "qa",
              "ManagedBy": "Terraform",
              "Name": "image-processor-qa-crop-lambda",
              "Owner": "tu-nombre",
              "Project": "image-processor"
            },
            "tags_all": {
              "Environment": "qa",
              "ManagedBy": "Terraform",
              "Name": "image-processor-qa-crop-lambda",
              "Owner": "tu-nombre",
              "Project": "image-processor"
            },
            "timeout": 60,
            "timeouts": null,
            "tracing_config": [
              {
                "mode": "PassThrough"
              }
            ],
            "version": "$LATEST",
            "vpc_config": []
          },
          "sensitive_attributes": [],
          "identity_schema_version": 0,
          "private": "eyJlMmJmYjczMC1lY2FhLTExZTYtOGY4OC0zNDM2M2JjN2M0YzAiOnsiY3JlYXRlIjo2MDAwMDAwMDAwMDAsImRlbGV0ZSI6NjAwMDAwMDAwMDAwLCJ1cGRhdGUiOjYwMDAwMDAwMDAwMH19",
          "dependencies": [
            "module.iam.aws_iam_role.crop_lambda",
            "module.iam.data.aws_iam_policy_document.lambda_assume_role",
            "module.s3.aws_s3_bucket.images",
            "module.vpc.aws_security_group.crop_lambda",
            "module.vpc.aws_subnet.private_a",
            "module.vpc.aws_vpc.main"
          ]
        }
      ]
    },
    {
      "module": "module.lambda",
      "mode": "managed",
      "type": "aws_lambda_function",
      "name": "upload",
      "provider": "provider[\"registry.terraform.io/hashicorp/aws\"]",
      "instances": [
        {
          "schema_version": 0,
          "attributes": {
            "architectures": [
              "x86_64"
            ],
            "arn": "arn:aws:lambda:us-east-1:018751003213:function:image-processor-qa-upload-lambda",
            "code_sha256": "Jq8A4RjHC+B0v2Rk8EQrgtCfS3Ievn9NCCj+yAIJVBY=",
            "code_signing_config_arn": "",
            "dead_letter_config": [],
            "description": "",
            "environment": [
              {
                "variables": {
                  "ENV": "qa",
                  "S3_BUCKET": "image-processor-qa-images-001",
                  "UPLOAD_PREFIX": "uploads/"
                }
              }
            ],
            "ephemeral_storage": [
              {
                "size": 512
              }
            ],
            "file_system_config": [],
            "filename": "../../upload-lambda.zip",
            "function_name": "image-processor-qa-upload-lambda",
            "handler": "index.handler",
            "id": "image-processor-qa-upload-lambda",
            "image_config": [],
            "image_uri": "",
            "invoke_arn": "arn:aws:apigateway:us-east-1:lambda:path/2015-03-31/functions/arn:aws:lambda:us-east-1:018751003213:function:image-processor-qa-upload-lambda/invocations",
            "kms_key_arn": "",
            "last_modified": "2026-05-07T03:53:16.266+0000",
            "layers": null,
            "logging_config": [
              {
                "application_log_level": "",
                "log_format": "Text",
                "log_group": "/aws/lambda/image-processor-qa-upload-lambda",
                "system_log_level": ""
              }
            ],
            "memory_size": 256,
            "package_type": "Zip",
            "publish": false,
            "qualified_arn": "arn:aws:lambda:us-east-1:018751003213:function:image-processor-qa-upload-lambda:$LATEST",
            "qualified_invoke_arn": "arn:aws:apigateway:us-east-1:lambda:path/2015-03-31/functions/arn:aws:lambda:us-east-1:018751003213:function:image-processor-qa-upload-lambda:$LATEST/invocations",
            "replace_security_groups_on_destroy": null,
            "replacement_security_group_ids": null,
            "reserved_concurrent_executions": -1,
            "role": "arn:aws:iam::018751003213:role/image-processor-qa-upload-lambda-role",
            "runtime": "nodejs20.x",
            "s3_bucket": null,
            "s3_key": null,
            "s3_object_version": null,
            "signing_job_arn": "",
            "signing_profile_version_arn": "",
            "skip_destroy": false,
            "snap_start": [],
            "source_code_hash": "Jq8A4RjHC+B0v2Rk8EQrgtCfS3Ievn9NCCj+yAIJVBY=",
            "source_code_size": 3624029,
            "tags": {
              "Environment": "qa",
              "ManagedBy": "Terraform",
              "Name": "image-processor-qa-upload-lambda",
              "Owner": "tu-nombre",
              "Project": "image-processor"
            },
            "tags_all": {
              "Environment": "qa",
              "ManagedBy": "Terraform",
              "Name": "image-processor-qa-upload-lambda",
              "Owner": "tu-nombre",
              "Project": "image-processor"
            },
            "timeout": 30,
            "timeouts": null,
            "tracing_config": [
              {
                "mode": "PassThrough"
              }
            ],
            "version": "$LATEST",
            "vpc_config": []
          },
          "sensitive_attributes": [],
          "identity_schema_version": 0,
          "private": "eyJlMmJmYjczMC1lY2FhLTExZTYtOGY4OC0zNDM2M2JjN2M0YzAiOnsiY3JlYXRlIjo2MDAwMDAwMDAwMDAsImRlbGV0ZSI6NjAwMDAwMDAwMDAwLCJ1cGRhdGUiOjYwMDAwMDAwMDAwMH19",
          "dependencies": [
            "module.iam.aws_iam_role.upload_lambda",
            "module.iam.data.aws_iam_policy_document.lambda_assume_role",
            "module.s3.aws_s3_bucket.images",
            "module.vpc.aws_security_group.upload_lambda",
            "module.vpc.aws_subnet.private_a",
            "module.vpc.aws_vpc.main"
          ]
        }
      ]
    },
    {
      "module": "module.lambda",
      "mode": "managed",
      "type": "aws_lambda_permission",
      "name": "apigw_upload",
      "provider": "provider[\"registry.terraform.io/hashicorp/aws\"]",
      "instances": [
        {
          "schema_version": 0,
          "attributes": {
            "action": "lambda:InvokeFunction",
            "event_source_token": null,
            "function_name": "image-processor-qa-upload-lambda",
            "function_url_auth_type": null,
            "id": "AllowAPIGatewayInvoke",
            "principal": "apigateway.amazonaws.com",
            "principal_org_id": null,
            "qualifier": "",
            "source_account": null,
            "source_arn": "arn:aws:execute-api:us-east-1:018751003213:lad9ss6lgd/*/*",
            "statement_id": "AllowAPIGatewayInvoke",
            "statement_id_prefix": ""
          },
          "sensitive_attributes": [],
          "identity_schema_version": 0,
          "private": "bnVsbA==",
          "dependencies": [
            "aws_apigatewayv2_api.placeholder",
            "module.iam.aws_iam_role.upload_lambda",
            "module.iam.data.aws_iam_policy_document.lambda_assume_role",
            "module.lambda.aws_lambda_function.upload",
            "module.s3.aws_s3_bucket.images",
            "module.vpc.aws_security_group.upload_lambda",
            "module.vpc.aws_subnet.private_a",
            "module.vpc.aws_vpc.main"
          ]
        }
      ]
    },
    {
      "module": "module.observability",
      "mode": "managed",
      "type": "aws_cloudwatch_log_group",
      "name": "crop_lambda",
      "provider": "provider[\"registry.terraform.io/hashicorp/aws\"]",
      "instances": [
        {
          "schema_version": 0,
          "attributes": {
            "arn": "arn:aws:logs:us-east-1:018751003213:log-group:/aws/lambda/image-processor-qa-crop-lambda",
            "id": "/aws/lambda/image-processor-qa-crop-lambda",
            "kms_key_id": "",
            "log_group_class": "STANDARD",
            "name": "/aws/lambda/image-processor-qa-crop-lambda",
            "name_prefix": "",
            "retention_in_days": 7,
            "skip_destroy": false,
            "tags": {
              "Environment": "qa",
              "ManagedBy": "Terraform",
              "Owner": "tu-nombre",
              "Project": "image-processor"
            },
            "tags_all": {
              "Environment": "qa",
              "ManagedBy": "Terraform",
              "Owner": "tu-nombre",
              "Project": "image-processor"
            }
          },
          "sensitive_attributes": [],
          "identity_schema_version": 0,
          "private": "bnVsbA=="
        }
      ]
    },
    {
      "module": "module.observability",
      "mode": "managed",
      "type": "aws_cloudwatch_log_group",
      "name": "upload_lambda",
      "provider": "provider[\"registry.terraform.io/hashicorp/aws\"]",
      "instances": [
        {
          "schema_version": 0,
          "attributes": {
            "arn": "arn:aws:logs:us-east-1:018751003213:log-group:/aws/lambda/image-processor-qa-upload-lambda",
            "id": "/aws/lambda/image-processor-qa-upload-lambda",
            "kms_key_id": "",
            "log_group_class": "STANDARD",
            "name": "/aws/lambda/image-processor-qa-upload-lambda",
            "name_prefix": "",
            "retention_in_days": 7,
            "skip_destroy": false,
            "tags": {
              "Environment": "qa",
              "ManagedBy": "Terraform",
              "Owner": "tu-nombre",
              "Project": "image-processor"
            },
            "tags_all": {
              "Environment": "qa",
              "ManagedBy": "Terraform",
              "Owner": "tu-nombre",
              "Project": "image-processor"
            }
          },
          "sensitive_attributes": [],
          "identity_schema_version": 0,
          "private": "bnVsbA=="
        }
      ]
    },
    {
      "module": "module.observability",
      "mode": "managed",
      "type": "aws_cloudwatch_metric_alarm",
      "name": "dlq_messages",
      "provider": "provider[\"registry.terraform.io/hashicorp/aws\"]",
      "instances": [
        {
          "schema_version": 1,
          "attributes": {
            "actions_enabled": true,
            "alarm_actions": [
              "arn:aws:sns:us-east-1:018751003213:image-processor-qa-dlq-alarm-topic"
            ],
            "alarm_description": "Hay mensajes en el DLQ — revisar errores en crop-lambda",
            "alarm_name": "image-processor-qa-dlq-messages-alarm",
            "arn": "arn:aws:cloudwatch:us-east-1:018751003213:alarm:image-processor-qa-dlq-messages-alarm",
            "comparison_operator": "GreaterThanThreshold",
            "datapoints_to_alarm": 0,
            "dimensions": {
              "QueueName": "image-processor-qa-image-dlq"
            },
            "evaluate_low_sample_count_percentiles": "",
            "evaluation_periods": 1,
            "extended_statistic": "",
            "id": "image-processor-qa-dlq-messages-alarm",
            "insufficient_data_actions": null,
            "metric_name": "ApproximateNumberOfMessagesVisible",
            "metric_query": [],
            "namespace": "AWS/SQS",
            "ok_actions": [
              "arn:aws:sns:us-east-1:018751003213:image-processor-qa-dlq-alarm-topic"
            ],
            "period": 60,
            "statistic": "Sum",
            "tags": {
              "Environment": "qa",
              "ManagedBy": "Terraform",
              "Owner": "tu-nombre",
              "Project": "image-processor"
            },
            "tags_all": {
              "Environment": "qa",
              "ManagedBy": "Terraform",
              "Owner": "tu-nombre",
              "Project": "image-processor"
            },
            "threshold": 0,
            "threshold_metric_id": "",
            "treat_missing_data": "notBreaching",
            "unit": ""
          },
          "sensitive_attributes": [],
          "identity_schema_version": 0,
          "private": "eyJzY2hlbWFfdmVyc2lvbiI6IjEifQ==",
          "dependencies": [
            "module.observability.aws_sns_topic.dlq_alarm",
            "module.sqs.aws_sqs_queue.dlq"
          ]
        }
      ]
    },
    {
      "module": "module.observability",
      "mode": "managed",
      "type": "aws_sns_topic",
      "name": "dlq_alarm",
      "provider": "provider[\"registry.terraform.io/hashicorp/aws\"]",
      "instances": [
        {
          "schema_version": 0,
          "attributes": {
            "application_failure_feedback_role_arn": "",
            "application_success_feedback_role_arn": "",
            "application_success_feedback_sample_rate": 0,
            "archive_policy": "",
            "arn": "arn:aws:sns:us-east-1:018751003213:image-processor-qa-dlq-alarm-topic",
            "beginning_archive_time": "",
            "content_based_deduplication": false,
            "delivery_policy": "",
            "display_name": "",
            "fifo_throughput_scope": "",
            "fifo_topic": false,
            "firehose_failure_feedback_role_arn": "",
            "firehose_success_feedback_role_arn": "",
            "firehose_success_feedback_sample_rate": 0,
            "http_failure_feedback_role_arn": "",
            "http_success_feedback_role_arn": "",
            "http_success_feedback_sample_rate": 0,
            "id": "arn:aws:sns:us-east-1:018751003213:image-processor-qa-dlq-alarm-topic",
            "kms_master_key_id": "",
            "lambda_failure_feedback_role_arn": "",
            "lambda_success_feedback_role_arn": "",
            "lambda_success_feedback_sample_rate": 0,
            "name": "image-processor-qa-dlq-alarm-topic",
            "name_prefix": "",
            "owner": "018751003213",
            "policy": "{\"Id\":\"__default_policy_ID\",\"Statement\":[{\"Action\":[\"SNS:GetTopicAttributes\",\"SNS:SetTopicAttributes\",\"SNS:AddPermission\",\"SNS:RemovePermission\",\"SNS:DeleteTopic\",\"SNS:Subscribe\",\"SNS:ListSubscriptionsByTopic\",\"SNS:Publish\"],\"Condition\":{\"StringEquals\":{\"AWS:SourceOwner\":\"018751003213\"}},\"Effect\":\"Allow\",\"Principal\":{\"AWS\":\"*\"},\"Resource\":\"arn:aws:sns:us-east-1:018751003213:image-processor-qa-dlq-alarm-topic\",\"Sid\":\"__default_statement_ID\"}],\"Version\":\"2008-10-17\"}",
            "signature_version": 0,
            "sqs_failure_feedback_role_arn": "",
            "sqs_success_feedback_role_arn": "",
            "sqs_success_feedback_sample_rate": 0,
            "tags": {
              "Environment": "qa",
              "ManagedBy": "Terraform",
              "Owner": "tu-nombre",
              "Project": "image-processor"
            },
            "tags_all": {
              "Environment": "qa",
              "ManagedBy": "Terraform",
              "Owner": "tu-nombre",
              "Project": "image-processor"
            },
            "tracing_config": ""
          },
          "sensitive_attributes": [],
          "identity_schema_version": 0,
          "private": "bnVsbA=="
        }
      ]
    },
    {
      "module": "module.s3",
      "mode": "managed",
      "type": "aws_s3_bucket",
      "name": "images",
      "provider": "provider[\"registry.terraform.io/hashicorp/aws\"]",
      "instances": [
        {
          "schema_version": 0,
          "attributes": {
            "acceleration_status": "",
            "acl": null,
            "arn": "arn:aws:s3:::image-processor-qa-images-001",
            "bucket": "image-processor-qa-images-001",
            "bucket_domain_name": "image-processor-qa-images-001.s3.amazonaws.com",
            "bucket_prefix": "",
            "bucket_regional_domain_name": "image-processor-qa-images-001.s3.us-east-1.amazonaws.com",
            "cors_rule": [],
            "force_destroy": true,
            "grant": [
              {
                "id": "f741939ee4b9c8433e381258d14a751b14cb218f5b352950e6852ac117e377c9",
                "permissions": [
                  "FULL_CONTROL"
                ],
                "type": "CanonicalUser",
                "uri": ""
              }
            ],
            "hosted_zone_id": "Z3AQBSTGFYJSTF",
            "id": "image-processor-qa-images-001",
            "lifecycle_rule": [],
            "logging": [],
            "object_lock_configuration": [],
            "object_lock_enabled": false,
            "policy": "",
            "region": "us-east-1",
            "replication_configuration": [],
            "request_payer": "BucketOwner",
            "server_side_encryption_configuration": [
              {
                "rule": [
                  {
                    "apply_server_side_encryption_by_default": [
                      {
                        "kms_master_key_id": "",
                        "sse_algorithm": "AES256"
                      }
                    ],
                    "bucket_key_enabled": false
                  }
                ]
              }
            ],
            "tags": {
              "Environment": "qa",
              "ManagedBy": "Terraform",
              "Name": "image-processor-qa-images-001",
              "Owner": "tu-nombre",
              "Project": "image-processor"
            },
            "tags_all": {
              "Environment": "qa",
              "ManagedBy": "Terraform",
              "Name": "image-processor-qa-images-001",
              "Owner": "tu-nombre",
              "Project": "image-processor"
            },
            "timeouts": null,
            "versioning": [
              {
                "enabled": false,
                "mfa_delete": false
              }
            ],
            "website": [],
            "website_domain": null,
            "website_endpoint": null
          },
          "sensitive_attributes": [],
          "identity_schema_version": 0,
          "private": "eyJlMmJmYjczMC1lY2FhLTExZTYtOGY4OC0zNDM2M2JjN2M0YzAiOnsiY3JlYXRlIjoxMjAwMDAwMDAwMDAwLCJkZWxldGUiOjM2MDAwMDAwMDAwMDAsInJlYWQiOjEyMDAwMDAwMDAwMDAsInVwZGF0ZSI6MTIwMDAwMDAwMDAwMH19"
        }
      ]
    },
    {
      "module": "module.s3",
      "mode": "managed",
      "type": "aws_s3_bucket_cors_configuration",
      "name": "images",
      "provider": "provider[\"registry.terraform.io/hashicorp/aws\"]",
      "instances": [
        {
          "schema_version": 0,
          "attributes": {
            "bucket": "image-processor-qa-images-001",
            "cors_rule": [
              {
                "allowed_headers": [
                  "*"
                ],
                "allowed_methods": [
                  "GET",
                  "POST",
                  "PUT"
                ],
                "allowed_origins": [
                  "*"
                ],
                "expose_headers": [
                  "ETag"
                ],
                "id": "",
                "max_age_seconds": 3000
              }
            ],
            "expected_bucket_owner": "",
            "id": "image-processor-qa-images-001"
          },
          "sensitive_attributes": [],
          "identity_schema_version": 0,
          "private": "bnVsbA==",
          "dependencies": [
            "module.s3.aws_s3_bucket.images"
          ]
        }
      ]
    },
    {
      "module": "module.s3",
      "mode": "managed",
      "type": "aws_s3_bucket_lifecycle_configuration",
      "name": "images",
      "provider": "provider[\"registry.terraform.io/hashicorp/aws\"]",
      "instances": [
        {
          "schema_version": 1,
          "attributes": {
            "bucket": "image-processor-qa-images-001",
            "expected_bucket_owner": "",
            "id": "image-processor-qa-images-001",
            "rule": [
              {
                "abort_incomplete_multipart_upload": [],
                "expiration": [
                  {
                    "date": null,
                    "days": 15,
                    "expired_object_delete_marker": false
                  }
                ],
                "filter": [
                  {
                    "and": [],
                    "object_size_greater_than": null,
                    "object_size_less_than": null,
                    "prefix": "uploads/",
                    "tag": []
                  }
                ],
                "id": "expire-uploads",
                "noncurrent_version_expiration": [
                  {
                    "newer_noncurrent_versions": null,
                    "noncurrent_days": 7
                  }
                ],
                "noncurrent_version_transition": [],
                "prefix": "",
                "status": "Enabled",
                "transition": []
              },
              {
                "abort_incomplete_multipart_upload": [],
                "expiration": [
                  {
                    "date": null,
                    "days": 30,
                    "expired_object_delete_marker": false
                  }
                ],
                "filter": [
                  {
                    "and": [],
                    "object_size_greater_than": null,
                    "object_size_less_than": null,
                    "prefix": "processed/",
                    "tag": []
                  }
                ],
                "id": "expire-processed",
                "noncurrent_version_expiration": [
                  {
                    "newer_noncurrent_versions": null,
                    "noncurrent_days": 14
                  }
                ],
                "noncurrent_version_transition": [],
                "prefix": "",
                "status": "Enabled",
                "transition": []
              }
            ],
            "timeouts": null,
            "transition_default_minimum_object_size": "all_storage_classes_128K"
          },
          "sensitive_attributes": [],
          "identity_schema_version": 0,
          "dependencies": [
            "module.s3.aws_s3_bucket.images"
          ]
        }
      ]
    },
    {
      "module": "module.s3",
      "mode": "managed",
      "type": "aws_s3_bucket_notification",
      "name": "to_sqs",
      "provider": "provider[\"registry.terraform.io/hashicorp/aws\"]",
      "instances": [
        {
          "schema_version": 0,
          "attributes": {
            "bucket": "image-processor-qa-images-001",
            "eventbridge": false,
            "id": "image-processor-qa-images-001",
            "lambda_function": [],
            "queue": [
              {
                "events": [
                  "s3:ObjectCreated:*"
                ],
                "filter_prefix": "uploads/",
                "filter_suffix": "",
                "id": "tf-s3-queue-20260507035414991300000009",
                "queue_arn": "arn:aws:sqs:us-east-1:018751003213:image-processor-qa-image-queue"
              }
            ],
            "topic": []
          },
          "sensitive_attributes": [],
          "identity_schema_version": 0,
          "private": "bnVsbA==",
          "dependencies": [
            "module.s3.aws_s3_bucket.images",
            "module.sqs.aws_sqs_queue.dlq",
            "module.sqs.aws_sqs_queue.main",
            "module.sqs.aws_sqs_queue_policy.allow_s3"
          ]
        }
      ]
    },
    {
      "module": "module.s3",
      "mode": "managed",
      "type": "aws_s3_bucket_policy",
      "name": "images",
      "provider": "provider[\"registry.terraform.io/hashicorp/aws\"]",
      "instances": [
        {
          "schema_version": 0,
          "attributes": {
            "bucket": "image-processor-qa-images-001",
            "id": "image-processor-qa-images-001",
            "policy": "{\"Statement\":[{\"Action\":\"s3:*\",\"Condition\":{\"Bool\":{\"aws:SecureTransport\":\"false\"}},\"Effect\":\"Deny\",\"Principal\":\"*\",\"Resource\":[\"arn:aws:s3:::image-processor-qa-images-001\",\"arn:aws:s3:::image-processor-qa-images-001/*\"],\"Sid\":\"DenyHTTP\"},{\"Action\":\"s3:GetBucketNotification\",\"Condition\":{\"StringEquals\":{\"aws:SourceAccount\":\"018751003213\"}},\"Effect\":\"Allow\",\"Principal\":{\"Service\":\"s3.amazonaws.com\"},\"Resource\":\"arn:aws:s3:::image-processor-qa-images-001\",\"Sid\":\"AllowS3ToSQS\"}],\"Version\":\"2012-10-17\"}"
          },
          "sensitive_attributes": [],
          "identity_schema_version": 0,
          "private": "bnVsbA==",
          "dependencies": [
            "data.aws_caller_identity.current",
            "module.s3.aws_s3_bucket.images",
            "module.s3.aws_s3_bucket_public_access_block.images"
          ]
        }
      ]
    },
    {
      "module": "module.s3",
      "mode": "managed",
      "type": "aws_s3_bucket_public_access_block",
      "name": "images",
      "provider": "provider[\"registry.terraform.io/hashicorp/aws\"]",
      "instances": [
        {
          "schema_version": 0,
          "attributes": {
            "block_public_acls": true,
            "block_public_policy": true,
            "bucket": "image-processor-qa-images-001",
            "id": "image-processor-qa-images-001",
            "ignore_public_acls": true,
            "restrict_public_buckets": true
          },
          "sensitive_attributes": [],
          "identity_schema_version": 0,
          "private": "bnVsbA==",
          "dependencies": [
            "module.s3.aws_s3_bucket.images"
          ]
        }
      ]
    },
    {
      "module": "module.s3",
      "mode": "managed",
      "type": "aws_s3_bucket_server_side_encryption_configuration",
      "name": "images",
      "provider": "provider[\"registry.terraform.io/hashicorp/aws\"]",
      "instances": [
        {
          "schema_version": 0,
          "attributes": {
            "bucket": "image-processor-qa-images-001",
            "expected_bucket_owner": "",
            "id": "image-processor-qa-images-001",
            "rule": [
              {
                "apply_server_side_encryption_by_default": [
                  {
                    "kms_master_key_id": "",
                    "sse_algorithm": "AES256"
                  }
                ],
                "bucket_key_enabled": true
              }
            ]
          },
          "sensitive_attributes": [],
          "identity_schema_version": 0,
          "private": "bnVsbA==",
          "dependencies": [
            "module.s3.aws_s3_bucket.images"
          ]
        }
      ]
    },
    {
      "module": "module.s3",
      "mode": "managed",
      "type": "aws_s3_bucket_versioning",
      "name": "images",
      "provider": "provider[\"registry.terraform.io/hashicorp/aws\"]",
      "instances": [
        {
          "schema_version": 0,
          "attributes": {
            "bucket": "image-processor-qa-images-001",
            "expected_bucket_owner": "",
            "id": "image-processor-qa-images-001",
            "mfa": null,
            "versioning_configuration": [
              {
                "mfa_delete": "",
                "status": "Enabled"
              }
            ]
          },
          "sensitive_attributes": [],
          "identity_schema_version": 0,
          "private": "bnVsbA==",
          "dependencies": [
            "module.s3.aws_s3_bucket.images"
          ]
        }
      ]
    },
    {
      "module": "module.sqs",
      "mode": "managed",
      "type": "aws_sqs_queue",
      "name": "dlq",
      "provider": "provider[\"registry.terraform.io/hashicorp/aws\"]",
      "instances": [
        {
          "schema_version": 0,
          "attributes": {
            "arn": "arn:aws:sqs:us-east-1:018751003213:image-processor-qa-image-dlq",
            "content_based_deduplication": false,
            "deduplication_scope": "",
            "delay_seconds": 0,
            "fifo_queue": false,
            "fifo_throughput_limit": "",
            "id": "https://sqs.us-east-1.amazonaws.com/018751003213/image-processor-qa-image-dlq",
            "kms_data_key_reuse_period_seconds": 300,
            "kms_master_key_id": "",
            "max_message_size": 262144,
            "message_retention_seconds": 1209600,
            "name": "image-processor-qa-image-dlq",
            "name_prefix": "",
            "policy": "",
            "receive_wait_time_seconds": 0,
            "redrive_allow_policy": "",
            "redrive_policy": "",
            "sqs_managed_sse_enabled": true,
            "tags": {
              "Environment": "qa",
              "ManagedBy": "Terraform",
              "Name": "image-processor-qa-image-dlq",
              "Owner": "tu-nombre",
              "Project": "image-processor"
            },
            "tags_all": {
              "Environment": "qa",
              "ManagedBy": "Terraform",
              "Name": "image-processor-qa-image-dlq",
              "Owner": "tu-nombre",
              "Project": "image-processor"
            },
            "timeouts": null,
            "url": "https://sqs.us-east-1.amazonaws.com/018751003213/image-processor-qa-image-dlq",
            "visibility_timeout_seconds": 30
          },
          "sensitive_attributes": [],
          "identity_schema_version": 0,
          "private": "eyJlMmJmYjczMC1lY2FhLTExZTYtOGY4OC0zNDM2M2JjN2M0YzAiOnsiY3JlYXRlIjoxODAwMDAwMDAwMDAsImRlbGV0ZSI6MTgwMDAwMDAwMDAwLCJ1cGRhdGUiOjE4MDAwMDAwMDAwMH19"
        }
      ]
    },
    {
      "module": "module.sqs",
      "mode": "managed",
      "type": "aws_sqs_queue",
      "name": "main",
      "provider": "provider[\"registry.terraform.io/hashicorp/aws\"]",
      "instances": [
        {
          "schema_version": 0,
          "attributes": {
            "arn": "arn:aws:sqs:us-east-1:018751003213:image-processor-qa-image-queue",
            "content_based_deduplication": false,
            "deduplication_scope": "",
            "delay_seconds": 0,
            "fifo_queue": false,
            "fifo_throughput_limit": "",
            "id": "https://sqs.us-east-1.amazonaws.com/018751003213/image-processor-qa-image-queue",
            "kms_data_key_reuse_period_seconds": 300,
            "kms_master_key_id": "",
            "max_message_size": 262144,
            "message_retention_seconds": 86400,
            "name": "image-processor-qa-image-queue",
            "name_prefix": "",
            "policy": "",
            "receive_wait_time_seconds": 20,
            "redrive_allow_policy": "",
            "redrive_policy": "{\"deadLetterTargetArn\":\"arn:aws:sqs:us-east-1:018751003213:image-processor-qa-image-dlq\",\"maxReceiveCount\":3}",
            "sqs_managed_sse_enabled": true,
            "tags": {
              "Environment": "qa",
              "ManagedBy": "Terraform",
              "Name": "image-processor-qa-image-queue",
              "Owner": "tu-nombre",
              "Project": "image-processor"
            },
            "tags_all": {
              "Environment": "qa",
              "ManagedBy": "Terraform",
              "Name": "image-processor-qa-image-queue",
              "Owner": "tu-nombre",
              "Project": "image-processor"
            },
            "timeouts": null,
            "url": "https://sqs.us-east-1.amazonaws.com/018751003213/image-processor-qa-image-queue",
            "visibility_timeout_seconds": 360
          },
          "sensitive_attributes": [],
          "identity_schema_version": 0,
          "private": "eyJlMmJmYjczMC1lY2FhLTExZTYtOGY4OC0zNDM2M2JjN2M0YzAiOnsiY3JlYXRlIjoxODAwMDAwMDAwMDAsImRlbGV0ZSI6MTgwMDAwMDAwMDAwLCJ1cGRhdGUiOjE4MDAwMDAwMDAwMH19",
          "dependencies": [
            "module.sqs.aws_sqs_queue.dlq"
          ]
        }
      ]
    },
    {
      "module": "module.sqs",
      "mode": "managed",
      "type": "aws_sqs_queue_policy",
      "name": "allow_s3",
      "provider": "provider[\"registry.terraform.io/hashicorp/aws\"]",
      "instances": [
        {
          "schema_version": 1,
          "attributes": {
            "id": "https://sqs.us-east-1.amazonaws.com/018751003213/image-processor-qa-image-queue",
            "policy": "{\"Statement\":[{\"Action\":\"sqs:SendMessage\",\"Condition\":{\"ArnLike\":{\"aws:SourceArn\":\"arn:aws:s3:::image-processor-qa-images-001\"}},\"Effect\":\"Allow\",\"Principal\":{\"Service\":\"s3.amazonaws.com\"},\"Resource\":\"arn:aws:sqs:us-east-1:018751003213:image-processor-qa-image-queue\",\"Sid\":\"AllowS3Publish\"}],\"Version\":\"2012-10-17\"}",
            "queue_url": "https://sqs.us-east-1.amazonaws.com/018751003213/image-processor-qa-image-queue"
          },
          "sensitive_attributes": [],
          "identity_schema_version": 0,
          "private": "eyJzY2hlbWFfdmVyc2lvbiI6IjEifQ==",
          "dependencies": [
            "module.s3.aws_s3_bucket.images",
            "module.sqs.aws_sqs_queue.dlq",
            "module.sqs.aws_sqs_queue.main"
          ]
        }
      ]
    },
    {
      "module": "module.vpc",
      "mode": "managed",
      "type": "aws_internet_gateway",
      "name": "main",
      "provider": "provider[\"registry.terraform.io/hashicorp/aws\"]",
      "instances": [
        {
          "schema_version": 0,
          "attributes": {
            "arn": "arn:aws:ec2:us-east-1:018751003213:internet-gateway/igw-0e0e054bad55fd364",
            "id": "igw-0e0e054bad55fd364",
            "owner_id": "018751003213",
            "tags": {
              "Environment": "qa",
              "ManagedBy": "Terraform",
              "Name": "image-processor-qa-igw",
              "Owner": "tu-nombre",
              "Project": "image-processor"
            },
            "tags_all": {
              "Environment": "qa",
              "ManagedBy": "Terraform",
              "Name": "image-processor-qa-igw",
              "Owner": "tu-nombre",
              "Project": "image-processor"
            },
            "timeouts": null,
            "vpc_id": "vpc-04391aac1e919b96f"
          },
          "sensitive_attributes": [],
          "identity_schema_version": 0,
          "private": "eyJlMmJmYjczMC1lY2FhLTExZTYtOGY4OC0zNDM2M2JjN2M0YzAiOnsiY3JlYXRlIjoxMjAwMDAwMDAwMDAwLCJkZWxldGUiOjEyMDAwMDAwMDAwMDAsInVwZGF0ZSI6MTIwMDAwMDAwMDAwMH19",
          "dependencies": [
            "module.vpc.aws_vpc.main"
          ]
        }
      ]
    },
    {
      "module": "module.vpc",
      "mode": "managed",
      "type": "aws_route_table",
      "name": "private_a",
      "provider": "provider[\"registry.terraform.io/hashicorp/aws\"]",
      "instances": [
        {
          "schema_version": 0,
          "attributes": {
            "arn": "arn:aws:ec2:us-east-1:018751003213:route-table/rtb-0cc2ee0bcfab12937",
            "id": "rtb-0cc2ee0bcfab12937",
            "owner_id": "018751003213",
            "propagating_vgws": [],
            "route": [],
            "tags": {
              "Environment": "qa",
              "ManagedBy": "Terraform",
              "Name": "image-processor-qa-rt-priv-a",
              "Owner": "tu-nombre",
              "Project": "image-processor"
            },
            "tags_all": {
              "Environment": "qa",
              "ManagedBy": "Terraform",
              "Name": "image-processor-qa-rt-priv-a",
              "Owner": "tu-nombre",
              "Project": "image-processor"
            },
            "timeouts": null,
            "vpc_id": "vpc-04391aac1e919b96f"
          },
          "sensitive_attributes": [],
          "identity_schema_version": 0,
          "private": "eyJlMmJmYjczMC1lY2FhLTExZTYtOGY4OC0zNDM2M2JjN2M0YzAiOnsiY3JlYXRlIjozMDAwMDAwMDAwMDAsImRlbGV0ZSI6MzAwMDAwMDAwMDAwLCJ1cGRhdGUiOjEyMDAwMDAwMDAwMH19",
          "dependencies": [
            "module.vpc.aws_eip.nat_a",
            "module.vpc.aws_internet_gateway.main",
            "module.vpc.aws_nat_gateway.nat_a",
            "module.vpc.aws_subnet.public_a",
            "module.vpc.aws_vpc.main"
          ]
        }
      ]
    },
    {
      "module": "module.vpc",
      "mode": "managed",
      "type": "aws_route_table",
      "name": "public",
      "provider": "provider[\"registry.terraform.io/hashicorp/aws\"]",
      "instances": [
        {
          "schema_version": 0,
          "attributes": {
            "arn": "arn:aws:ec2:us-east-1:018751003213:route-table/rtb-070d3a4acf733440a",
            "id": "rtb-070d3a4acf733440a",
            "owner_id": "018751003213",
            "propagating_vgws": [],
            "route": [
              {
                "carrier_gateway_id": "",
                "cidr_block": "0.0.0.0/0",
                "core_network_arn": "",
                "destination_prefix_list_id": "",
                "egress_only_gateway_id": "",
                "gateway_id": "igw-0e0e054bad55fd364",
                "ipv6_cidr_block": "",
                "local_gateway_id": "",
                "nat_gateway_id": "",
                "network_interface_id": "",
                "transit_gateway_id": "",
                "vpc_endpoint_id": "",
                "vpc_peering_connection_id": ""
              }
            ],
            "tags": {
              "Environment": "qa",
              "ManagedBy": "Terraform",
              "Name": "image-processor-qa-rt-public",
              "Owner": "tu-nombre",
              "Project": "image-processor"
            },
            "tags_all": {
              "Environment": "qa",
              "ManagedBy": "Terraform",
              "Name": "image-processor-qa-rt-public",
              "Owner": "tu-nombre",
              "Project": "image-processor"
            },
            "timeouts": null,
            "vpc_id": "vpc-04391aac1e919b96f"
          },
          "sensitive_attributes": [],
          "identity_schema_version": 0,
          "private": "eyJlMmJmYjczMC1lY2FhLTExZTYtOGY4OC0zNDM2M2JjN2M0YzAiOnsiY3JlYXRlIjozMDAwMDAwMDAwMDAsImRlbGV0ZSI6MzAwMDAwMDAwMDAwLCJ1cGRhdGUiOjEyMDAwMDAwMDAwMH19",
          "dependencies": [
            "module.vpc.aws_internet_gateway.main",
            "module.vpc.aws_vpc.main"
          ]
        }
      ]
    },
    {
      "module": "module.vpc",
      "mode": "managed",
      "type": "aws_route_table_association",
      "name": "private_a",
      "provider": "provider[\"registry.terraform.io/hashicorp/aws\"]",
      "instances": [
        {
          "schema_version": 0,
          "attributes": {
            "gateway_id": "",
            "id": "rtbassoc-01f1f91ea904b3856",
            "route_table_id": "rtb-0cc2ee0bcfab12937",
            "subnet_id": "subnet-04e728e930b8d4bb7",
            "timeouts": null
          },
          "sensitive_attributes": [],
          "identity_schema_version": 0,
          "private": "eyJlMmJmYjczMC1lY2FhLTExZTYtOGY4OC0zNDM2M2JjN2M0YzAiOnsiY3JlYXRlIjozMDAwMDAwMDAwMDAsImRlbGV0ZSI6MzAwMDAwMDAwMDAwLCJ1cGRhdGUiOjEyMDAwMDAwMDAwMH19",
          "dependencies": [
            "module.vpc.aws_eip.nat_a",
            "module.vpc.aws_internet_gateway.main",
            "module.vpc.aws_nat_gateway.nat_a",
            "module.vpc.aws_route_table.private_a",
            "module.vpc.aws_subnet.private_a",
            "module.vpc.aws_subnet.public_a",
            "module.vpc.aws_vpc.main"
          ]
        }
      ]
    },
    {
      "module": "module.vpc",
      "mode": "managed",
      "type": "aws_route_table_association",
      "name": "public_a",
      "provider": "provider[\"registry.terraform.io/hashicorp/aws\"]",
      "instances": [
        {
          "schema_version": 0,
          "attributes": {
            "gateway_id": "",
            "id": "rtbassoc-07b762cd515e51c96",
            "route_table_id": "rtb-070d3a4acf733440a",
            "subnet_id": "subnet-0792e6f54105543b0",
            "timeouts": null
          },
          "sensitive_attributes": [],
          "identity_schema_version": 0,
          "private": "eyJlMmJmYjczMC1lY2FhLTExZTYtOGY4OC0zNDM2M2JjN2M0YzAiOnsiY3JlYXRlIjozMDAwMDAwMDAwMDAsImRlbGV0ZSI6MzAwMDAwMDAwMDAwLCJ1cGRhdGUiOjEyMDAwMDAwMDAwMH19",
          "dependencies": [
            "module.vpc.aws_internet_gateway.main",
            "module.vpc.aws_route_table.public",
            "module.vpc.aws_subnet.public_a",
            "module.vpc.aws_vpc.main"
          ]
        }
      ]
    },
    {
      "module": "module.vpc",
      "mode": "managed",
      "type": "aws_security_group",
      "name": "crop_lambda",
      "provider": "provider[\"registry.terraform.io/hashicorp/aws\"]",
      "instances": [
        {
          "schema_version": 1,
          "attributes": {
            "arn": "arn:aws:ec2:us-east-1:018751003213:security-group/sg-0c542d17daadb3e5c",
            "description": "SG crop Lambda - outbound HTTPS to S3 and SQS",
            "egress": [
              {
                "cidr_blocks": [
                  "0.0.0.0/0"
                ],
                "description": "HTTPS salida (S3 Gateway Endpoint y SQS)",
                "from_port": 443,
                "ipv6_cidr_blocks": [],
                "prefix_list_ids": [],
                "protocol": "tcp",
                "security_groups": [],
                "self": false,
                "to_port": 443
              }
            ],
            "id": "sg-0c542d17daadb3e5c",
            "ingress": [],
            "name": "image-processor-qa-sg-crop-lambda",
            "name_prefix": "",
            "owner_id": "018751003213",
            "revoke_rules_on_delete": false,
            "tags": {
              "Environment": "qa",
              "ManagedBy": "Terraform",
              "Name": "image-processor-qa-sg-crop-lambda",
              "Owner": "tu-nombre",
              "Project": "image-processor"
            },
            "tags_all": {
              "Environment": "qa",
              "ManagedBy": "Terraform",
              "Name": "image-processor-qa-sg-crop-lambda",
              "Owner": "tu-nombre",
              "Project": "image-processor"
            },
            "timeouts": null,
            "vpc_id": "vpc-04391aac1e919b96f"
          },
          "sensitive_attributes": [],
          "identity_schema_version": 0,
          "private": "eyJlMmJmYjczMC1lY2FhLTExZTYtOGY4OC0zNDM2M2JjN2M0YzAiOnsiY3JlYXRlIjo2MDAwMDAwMDAwMDAsImRlbGV0ZSI6OTAwMDAwMDAwMDAwfSwic2NoZW1hX3ZlcnNpb24iOiIxIn0=",
          "dependencies": [
            "module.vpc.aws_vpc.main"
          ]
        }
      ]
    },
    {
      "module": "module.vpc",
      "mode": "managed",
      "type": "aws_security_group",
      "name": "upload_lambda",
      "provider": "provider[\"registry.terraform.io/hashicorp/aws\"]",
      "instances": [
        {
          "schema_version": 1,
          "attributes": {
            "arn": "arn:aws:ec2:us-east-1:018751003213:security-group/sg-0c570ecb9968a1d9f",
            "description": "SG upload Lambda - outbound HTTPS to S3 and SQS",
            "egress": [
              {
                "cidr_blocks": [
                  "0.0.0.0/0"
                ],
                "description": "HTTPS salida (S3 Gateway Endpoint y SQS)",
                "from_port": 443,
                "ipv6_cidr_blocks": [],
                "prefix_list_ids": [],
                "protocol": "tcp",
                "security_groups": [],
                "self": false,
                "to_port": 443
              }
            ],
            "id": "sg-0c570ecb9968a1d9f",
            "ingress": [],
            "name": "image-processor-qa-sg-upload-lambda",
            "name_prefix": "",
            "owner_id": "018751003213",
            "revoke_rules_on_delete": false,
            "tags": {
              "Environment": "qa",
              "ManagedBy": "Terraform",
              "Name": "image-processor-qa-sg-upload-lambda",
              "Owner": "tu-nombre",
              "Project": "image-processor"
            },
            "tags_all": {
              "Environment": "qa",
              "ManagedBy": "Terraform",
              "Name": "image-processor-qa-sg-upload-lambda",
              "Owner": "tu-nombre",
              "Project": "image-processor"
            },
            "timeouts": null,
            "vpc_id": "vpc-04391aac1e919b96f"
          },
          "sensitive_attributes": [],
          "identity_schema_version": 0,
          "private": "eyJlMmJmYjczMC1lY2FhLTExZTYtOGY4OC0zNDM2M2JjN2M0YzAiOnsiY3JlYXRlIjo2MDAwMDAwMDAwMDAsImRlbGV0ZSI6OTAwMDAwMDAwMDAwfSwic2NoZW1hX3ZlcnNpb24iOiIxIn0=",
          "dependencies": [
            "module.vpc.aws_vpc.main"
          ]
        }
      ]
    },
    {
      "module": "module.vpc",
      "mode": "managed",
      "type": "aws_subnet",
      "name": "private_a",
      "provider": "provider[\"registry.terraform.io/hashicorp/aws\"]",
      "instances": [
        {
          "schema_version": 1,
          "attributes": {
            "arn": "arn:aws:ec2:us-east-1:018751003213:subnet/subnet-04e728e930b8d4bb7",
            "assign_ipv6_address_on_creation": false,
            "availability_zone": "us-east-1a",
            "availability_zone_id": "use1-az1",
            "cidr_block": "10.1.11.0/24",
            "customer_owned_ipv4_pool": "",
            "enable_dns64": false,
            "enable_lni_at_device_index": 0,
            "enable_resource_name_dns_a_record_on_launch": false,
            "enable_resource_name_dns_aaaa_record_on_launch": false,
            "id": "subnet-04e728e930b8d4bb7",
            "ipv6_cidr_block": "",
            "ipv6_cidr_block_association_id": "",
            "ipv6_native": false,
            "map_customer_owned_ip_on_launch": false,
            "map_public_ip_on_launch": false,
            "outpost_arn": "",
            "owner_id": "018751003213",
            "private_dns_hostname_type_on_launch": "ip-name",
            "tags": {
              "Environment": "qa",
              "ManagedBy": "Terraform",
              "Name": "image-processor-qa-priv-a",
              "Owner": "tu-nombre",
              "Project": "image-processor"
            },
            "tags_all": {
              "Environment": "qa",
              "ManagedBy": "Terraform",
              "Name": "image-processor-qa-priv-a",
              "Owner": "tu-nombre",
              "Project": "image-processor"
            },
            "timeouts": null,
            "vpc_id": "vpc-04391aac1e919b96f"
          },
          "sensitive_attributes": [],
          "identity_schema_version": 0,
          "private": "eyJlMmJmYjczMC1lY2FhLTExZTYtOGY4OC0zNDM2M2JjN2M0YzAiOnsiY3JlYXRlIjo2MDAwMDAwMDAwMDAsImRlbGV0ZSI6MTIwMDAwMDAwMDAwMH0sInNjaGVtYV92ZXJzaW9uIjoiMSJ9",
          "dependencies": [
            "module.vpc.aws_vpc.main"
          ]
        }
      ]
    },
    {
      "module": "module.vpc",
      "mode": "managed",
      "type": "aws_subnet",
      "name": "public_a",
      "provider": "provider[\"registry.terraform.io/hashicorp/aws\"]",
      "instances": [
        {
          "schema_version": 1,
          "attributes": {
            "arn": "arn:aws:ec2:us-east-1:018751003213:subnet/subnet-0792e6f54105543b0",
            "assign_ipv6_address_on_creation": false,
            "availability_zone": "us-east-1a",
            "availability_zone_id": "use1-az1",
            "cidr_block": "10.1.1.0/24",
            "customer_owned_ipv4_pool": "",
            "enable_dns64": false,
            "enable_lni_at_device_index": 0,
            "enable_resource_name_dns_a_record_on_launch": false,
            "enable_resource_name_dns_aaaa_record_on_launch": false,
            "id": "subnet-0792e6f54105543b0",
            "ipv6_cidr_block": "",
            "ipv6_cidr_block_association_id": "",
            "ipv6_native": false,
            "map_customer_owned_ip_on_launch": false,
            "map_public_ip_on_launch": true,
            "outpost_arn": "",
            "owner_id": "018751003213",
            "private_dns_hostname_type_on_launch": "ip-name",
            "tags": {
              "Environment": "qa",
              "ManagedBy": "Terraform",
              "Name": "image-processor-qa-pub-a",
              "Owner": "tu-nombre",
              "Project": "image-processor"
            },
            "tags_all": {
              "Environment": "qa",
              "ManagedBy": "Terraform",
              "Name": "image-processor-qa-pub-a",
              "Owner": "tu-nombre",
              "Project": "image-processor"
            },
            "timeouts": null,
            "vpc_id": "vpc-04391aac1e919b96f"
          },
          "sensitive_attributes": [],
          "identity_schema_version": 0,
          "private": "eyJlMmJmYjczMC1lY2FhLTExZTYtOGY4OC0zNDM2M2JjN2M0YzAiOnsiY3JlYXRlIjo2MDAwMDAwMDAwMDAsImRlbGV0ZSI6MTIwMDAwMDAwMDAwMH0sInNjaGVtYV92ZXJzaW9uIjoiMSJ9",
          "dependencies": [
            "module.vpc.aws_vpc.main"
          ]
        }
      ]
    },
    {
      "module": "module.vpc",
      "mode": "managed",
      "type": "aws_vpc",
      "name": "main",
      "provider": "provider[\"registry.terraform.io/hashicorp/aws\"]",
      "instances": [
        {
          "schema_version": 1,
          "attributes": {
            "arn": "arn:aws:ec2:us-east-1:018751003213:vpc/vpc-04391aac1e919b96f",
            "assign_generated_ipv6_cidr_block": false,
            "cidr_block": "10.1.0.0/16",
            "default_network_acl_id": "acl-0462236b369ebaa00",
            "default_route_table_id": "rtb-0a9dd1769f59ed6d4",
            "default_security_group_id": "sg-059ce1ffc512e3535",
            "dhcp_options_id": "dopt-070d0ce1c9f89a1fc",
            "enable_dns_hostnames": true,
            "enable_dns_support": true,
            "enable_network_address_usage_metrics": false,
            "id": "vpc-04391aac1e919b96f",
            "instance_tenancy": "default",
            "ipv4_ipam_pool_id": null,
            "ipv4_netmask_length": null,
            "ipv6_association_id": "",
            "ipv6_cidr_block": "",
            "ipv6_cidr_block_network_border_group": "",
            "ipv6_ipam_pool_id": "",
            "ipv6_netmask_length": 0,
            "main_route_table_id": "rtb-0a9dd1769f59ed6d4",
            "owner_id": "018751003213",
            "tags": {
              "Environment": "qa",
              "ManagedBy": "Terraform",
              "Name": "image-processor-qa-vpc",
              "Owner": "tu-nombre",
              "Project": "image-processor"
            },
            "tags_all": {
              "Environment": "qa",
              "ManagedBy": "Terraform",
              "Name": "image-processor-qa-vpc",
              "Owner": "tu-nombre",
              "Project": "image-processor"
            }
          },
          "sensitive_attributes": [],
          "identity_schema_version": 0,
          "private": "eyJzY2hlbWFfdmVyc2lvbiI6IjEifQ=="
        }
      ]
    },
    {
      "module": "module.vpc",
      "mode": "managed",
      "type": "aws_vpc_endpoint",
      "name": "s3",
      "provider": "provider[\"registry.terraform.io/hashicorp/aws\"]",
      "instances": [
        {
          "schema_version": 0,
          "attributes": {
            "arn": "arn:aws:ec2:us-east-1:018751003213:vpc-endpoint/vpce-0680d9d4c5d56ac0e",
            "auto_accept": null,
            "cidr_blocks": [
              "16.15.176.0/20",
              "16.182.0.0/16",
              "18.34.0.0/19",
              "52.216.0.0/15",
              "54.231.0.0/16",
              "3.5.0.0/19",
              "18.34.232.0/21",
              "16.15.192.0/18"
            ],
            "dns_entry": [],
            "dns_options": [
              {
                "dns_record_ip_type": "service-defined",
                "private_dns_only_for_inbound_resolver_endpoint": false
              }
            ],
            "id": "vpce-0680d9d4c5d56ac0e",
            "ip_address_type": "ipv4",
            "network_interface_ids": [],
            "owner_id": "018751003213",
            "policy": "{\"Statement\":[{\"Action\":[\"s3:GetObject\",\"s3:PutObject\"],\"Effect\":\"Allow\",\"Principal\":\"*\",\"Resource\":\"arn:aws:s3:::image-processor-qa-images-001/*\"}],\"Version\":\"2012-10-17\"}",
            "prefix_list_id": "pl-63a5400a",
            "private_dns_enabled": false,
            "requester_managed": false,
            "resource_configuration_arn": "",
            "route_table_ids": [
              "rtb-070d3a4acf733440a",
              "rtb-0cc2ee0bcfab12937"
            ],
            "security_group_ids": [],
            "service_name": "com.amazonaws.us-east-1.s3",
            "service_network_arn": "",
            "service_region": "us-east-1",
            "state": "available",
            "subnet_configuration": [],
            "subnet_ids": [],
            "tags": {
              "Environment": "qa",
              "ManagedBy": "Terraform",
              "Name": "image-processor-qa-vpce-s3",
              "Owner": "tu-nombre",
              "Project": "image-processor"
            },
            "tags_all": {
              "Environment": "qa",
              "ManagedBy": "Terraform",
              "Name": "image-processor-qa-vpce-s3",
              "Owner": "tu-nombre",
              "Project": "image-processor"
            },
            "timeouts": null,
            "vpc_endpoint_type": "Gateway",
            "vpc_id": "vpc-04391aac1e919b96f"
          },
          "sensitive_attributes": [],
          "identity_schema_version": 0,
          "private": "eyJlMmJmYjczMC1lY2FhLTExZTYtOGY4OC0zNDM2M2JjN2M0YzAiOnsiY3JlYXRlIjo2MDAwMDAwMDAwMDAsImRlbGV0ZSI6NjAwMDAwMDAwMDAwLCJ1cGRhdGUiOjYwMDAwMDAwMDAwMH19",
          "dependencies": [
            "module.vpc.aws_eip.nat_a",
            "module.vpc.aws_eip.nat_b",
            "module.vpc.aws_internet_gateway.main",
            "module.vpc.aws_nat_gateway.nat_a",
            "module.vpc.aws_nat_gateway.nat_b",
            "module.vpc.aws_route_table.private_a",
            "module.vpc.aws_route_table.private_b",
            "module.vpc.aws_route_table.public",
            "module.vpc.aws_subnet.public_a",
            "module.vpc.aws_subnet.public_b",
            "module.vpc.aws_vpc.main"
          ]
        }
      ]
    }
  ],
  "check_results": null
}
